# This file was autogenerated by uv via the following command:
#    uv pip compile requirements-local.txt --python .\.venv\Scripts\python.exe --output-file requirements-local.lock
absl-py==2.5.0
    # via
    #   keras
    #   tensorboard
    #   tensorflow
accelerate==1.14.0
    # via
    #   -r requirements-local.txt
    #   peft
aiohappyeyeballs==2.7.1
    # via aiohttp
aiohttp==3.14.3
    # via
    #   fsspec
    #   litellm
aiosignal==1.4.0
    # via aiohttp
annotated-types==0.8.0
    # via pydantic
anyio==4.15.0
    # via
    #   httpx
    #   jupyter-server
    #   openai
    #   watchfiles
argon2-cffi==25.1.0
    # via jupyter-server
argon2-cffi-bindings==26.1.0
    # via argon2-cffi
arrow==1.4.0
    # via isoduration
asttokens==3.0.2
    # via stack-data
astunparse==1.6.3
    # via tensorflow
async-lru==2.3.0
    # via jupyterlab
attrs==26.1.0
    # via
    #   aiohttp
    #   jsonschema
    #   referencing
babel==2.18.0
    # via jupyterlab-server
beautifulsoup4==4.15.0
    # via nbconvert
bleach==6.4.0
    # via nbconvert
boto3==1.43.88
    # via litellm
boto3-stubs==1.43.88
    # via opik
botocore==1.43.88
    # via
    #   boto3
    #   s3transfer
botocore-stubs==1.43.67
    # via boto3-stubs
certifi==2026.7.22
    # via
    #   httpcore
    #   httpx
    #   requests
    #   sentry-sdk
cffi==2.1.1
    # via
    #   argon2-cffi-bindings
    #   soundfile
chardet==7.6.0
    # via music21
charset-normalizer==3.5.1
    # via requests
click==8.5.0
    # via
    #   litellm
    #   opik
cloudpickle==3.1.2
    # via
    #   gym
    #   joblib
colorama==0.4.6
    # via
    #   ipython
    #   pytest
    #   tqdm
comet-ml==3.58.6
    # via -r requirements-local.txt
comm==0.2.3
    # via
    #   ipykernel
    #   ipywidgets
configobj==5.0.9
    # via everett
contourpy==1.3.3
    # via matplotlib
cycler==0.12.1
    # via matplotlib
datasets==4.8.5
    # via -r requirements-local.txt
debugpy==1.8.21
    # via ipykernel
defusedxml==0.7.1
    # via nbconvert
dill==0.4.1
    # via
    #   datasets
    #   multiprocess
distro==1.9.0
    # via openai
dulwich==1.2.14
    # via comet-ml
everett==3.1.0
    # via comet-ml
executing==2.2.1
    # via stack-data
fastjsonschema==2.22.2
    # via nbformat
fastuuid==0.14.0
    # via litellm
filelock==3.32.5
    # via
    #   datasets
    #   huggingface-hub
    #   torch
    #   transformers
flatbuffers==25.12.19
    # via tensorflow
fonttools==4.64.0
    # via matplotlib
fqdn==1.5.1
    # via jsonschema
frozenlist==1.8.0
    # via
    #   aiohttp
    #   aiosignal
fsspec==2026.2.0
    # via
    #   datasets
    #   huggingface-hub
    #   torch
gast==0.7.0
    # via tensorflow
google-pasta==0.2.0
    # via tensorflow
graphviz==0.21
    # via -r requirements-local.txt
grpcio==1.83.1
    # via
    #   tensorboard
    #   tensorflow
gym==0.26.2
    # via -r requirements-local.txt
gym-notices==0.1.0
    # via gym
h11==0.16.0
    # via httpcore
h5py==3.16.0
    # via
    #   -r requirements-local.txt
    #   keras
    #   tensorflow
httpcore==1.0.9
    # via httpx
httpx==0.28.1
    # via
    #   datasets
    #   jupyterlab
    #   litellm
    #   openai
    #   opik
huggingface-hub==0.36.2
    # via
    #   accelerate
    #   datasets
    #   peft
    #   tokenizers
    #   transformers
idna==3.19
    # via
    #   anyio
    #   httpx
    #   jsonschema
    #   requests
    #   yarl
importlib-metadata==8.9.0
    # via litellm
importlib-resources==7.1.0
    # via pretty-midi
iniconfig==2.3.0
    # via pytest
ipykernel==7.3.0
    # via
    #   -r requirements-local.txt
    #   jupyterlab
ipython==9.17.1
    # via
    #   ipykernel
    #   ipywidgets
ipython-pygments-lexers==1.1.1
    # via ipython
ipywidgets==8.1.9
    # via -r requirements-local.txt
isoduration==20.11.0
    # via jsonschema
jedi==0.20.0
    # via ipython
jinja2==3.1.6
    # via
    #   jupyter-server
    #   jupyterlab
    #   jupyterlab-server
    #   litellm
    #   nbconvert
    #   opik
    #   torch
jiter==0.16.0
    # via openai
jmespath==1.1.0
    # via
    #   boto3
    #   botocore
joblib==1.6.0
    # via music21
json5==0.15.0
    # via jupyterlab-server
jsonpickle==4.1.2
    # via music21
jsonpointer==3.1.1
    # via jsonschema
jsonschema==4.26.0
    # via
    #   comet-ml
    #   jupyter-events
    #   jupyterlab-server
    #   litellm
    #   nbformat
jsonschema-specifications==2025.9.1
    # via jsonschema
jupyter-builder==1.2.2
    # via jupyterlab
jupyter-client==8.10.0
    # via
    #   ipykernel
    #   jupyter-server
    #   nbclient
jupyter-core==5.9.1
    # via
    #   ipykernel
    #   jupyter-builder
    #   jupyter-client
    #   jupyter-server
    #   jupyterlab
    #   nbclient
    #   nbconvert
    #   nbformat
jupyter-events==0.12.1
    # via jupyter-server
jupyter-lsp==2.3.1
    # via jupyterlab
jupyter-server==2.21.0
    # via
    #   jupyter-lsp
    #   jupyterlab
    #   jupyterlab-server
    #   notebook-shim
jupyter-server-terminals==0.5.4
    # via jupyter-server
jupyterlab==4.6.3
    # via -r requirements-local.txt
jupyterlab-pygments==0.3.0
    # via nbconvert
jupyterlab-server==2.28.0
    # via jupyterlab
jupyterlab-widgets==3.0.17
    # via ipywidgets
keras==3.15.1
    # via tensorflow
kiwisolver==1.5.1
    # via matplotlib
lark==1.3.1
    # via rfc3987-syntax
libclang==18.1.1
    # via tensorflow
lion-pytorch==0.2.5
    # via -r requirements-local.txt
litellm==1.99.0
    # via opik
markdown==3.10.3
    # via tensorboard
markdown-it-py==4.2.0
    # via rich
markupsafe==3.0.3
    # via
    #   jinja2
    #   nbconvert
    #   werkzeug
matplotlib==3.11.1
    # via
    #   -r requirements-local.txt
    #   music21
    #   seaborn
matplotlib-inline==0.2.2
    # via
    #   ipykernel
    #   ipython
mdurl==0.1.2
    # via markdown-it-py
mido==1.3.3
    # via pretty-midi
mistune==3.3.4
    # via nbconvert
ml-dtypes==0.6.0
    # via
    #   keras
    #   tensorflow
more-itertools==11.1.0
    # via music21
mpmath==1.3.0
    # via sympy
multidict==6.7.1
    # via
    #   aiohttp
    #   yarl
multiprocess==0.70.19
    # via datasets
music21==9.9.2
    # via -r requirements-local.txt
mypy-boto3-bedrock-runtime==1.43.62
    # via boto3-stubs
namex==0.1.0
    # via keras
nbclient==0.11.0
    # via nbconvert
nbconvert==7.17.1
    # via jupyter-server
nbformat==5.11.1
    # via
    #   jupyter-server
    #   nbclient
    #   nbconvert
nest-asyncio2==1.7.2
    # via ipykernel
networkx==3.6.1
    # via torch
notebook-shim==0.2.4
    # via jupyterlab
numpy==2.1.3
    # via
    #   -r requirements-local.txt
    #   accelerate
    #   contourpy
    #   datasets
    #   gym
    #   h5py
    #   keras
    #   matplotlib
    #   ml-dtypes
    #   music21
    #   opencv-python
    #   pandas
    #   peft
    #   pretty-midi
    #   scipy
    #   seaborn
    #   soundfile
    #   tensorboard
    #   tensorflow
    #   torchvision
    #   transformers
openai==2.54.0
    # via
    #   -r requirements-local.txt
    #   litellm
    #   opik
opencv-python==4.14.0.94
    # via -r requirements-local.txt
opik==1.11.14
    # via -r requirements-local.txt
opt-einsum==3.4.0
    # via tensorflow
optree==0.20.0
    # via keras
overrides==7.7.0
    # via jupyter-server
packaging==26.3
    # via
    #   accelerate
    #   datasets
    #   huggingface-hub
    #   ipykernel
    #   jupyter-events
    #   jupyter-server
    #   jupyterlab
    #   jupyterlab-server
    #   keras
    #   matplotlib
    #   mido
    #   nbconvert
    #   peft
    #   pytest
    #   tensorboard
    #   tensorflow
    #   transformers
    #   wheel
pandas==2.3.3
    # via
    #   -r requirements-local.txt
    #   datasets
    #   seaborn
pandocfilters==1.5.1
    # via nbconvert
parso==0.8.7
    # via jedi
peft==0.20.0
    # via -r requirements-local.txt
pillow==12.3.0
    # via
    #   -r requirements-local.txt
    #   matplotlib
    #   tensorboard
    #   torchvision
platformdirs==4.11.7
    # via jupyter-core
pluggy==1.6.0
    # via pytest
pretty-midi==0.2.11.post0
    # via -r requirements-local.txt
prometheus-client==0.26.0
    # via jupyter-server
prompt-toolkit==3.0.53
    # via ipython
propcache==0.5.2
    # via
    #   aiohttp
    #   yarl
protobuf==7.36.1
    # via
    #   tensorboard
    #   tensorflow
psutil==7.2.2
    # via
    #   accelerate
    #   comet-ml
    #   ipykernel
    #   ipython
    #   peft
pure-eval==0.2.3
    # via stack-data
pyarrow==25.0.1
    # via datasets
pycparser==3.0
    # via cffi
pydantic==2.13.5
    # via
    #   litellm
    #   openai
    #   opik
    #   pydantic-settings
pydantic-core==2.46.5
    # via pydantic
pydantic-settings==2.15.0
    # via
    #   litellm
    #   opik
pydot==4.0.1
    # via -r requirements-local.txt
pygments==2.21.0
    # via
    #   ipython
    #   ipython-pygments-lexers
    #   nbconvert
    #   pytest
    #   rich
pyparsing==3.3.2
    # via
    #   matplotlib
    #   pydot
pytest==9.1.1
    # via opik
python-box==6.1.0
    # via comet-ml
python-dateutil==2.9.0.post0
    # via
    #   arrow
    #   botocore
    #   jupyter-client
    #   matplotlib
    #   pandas
python-dotenv==1.2.3
    # via
    #   litellm
    #   pydantic-settings
python-json-logger==4.2.0
    # via jupyter-events
pytz==2026.3.post1
    # via pandas
pywinpty==3.0.5
    # via
    #   jupyter-server
    #   jupyter-server-terminals
    #   terminado
pyyaml==6.0.3
    # via
    #   accelerate
    #   datasets
    #   huggingface-hub
    #   jupyter-events
    #   peft
    #   transformers
pyzmq==27.2.0
    # via
    #   ipykernel
    #   jupyter-client
    #   jupyter-server
rapidfuzz==3.14.6
    # via opik
referencing==0.37.0
    # via
    #   jsonschema
    #   jsonschema-specifications
    #   jupyter-events
regex==2026.9.3
    # via
    #   tiktoken
    #   transformers
requests==2.34.2
    # via
    #   -r requirements-local.txt
    #   comet-ml
    #   datasets
    #   huggingface-hub
    #   jupyterlab-server
    #   music21
    #   requests-toolbelt
    #   tensorflow
    #   tiktoken
    #   transformers
requests-toolbelt==1.0.0
    # via comet-ml
rfc3339-validator==0.1.4
    # via
    #   jsonschema
    #   jupyter-events
rfc3986-validator==0.1.1
    # via
    #   jsonschema
    #   jupyter-events
rfc3987-syntax==1.1.0
    # via jsonschema
rich==15.0.0
    # via
    #   comet-ml
    #   keras
    #   opik
rpds-py==2026.6.3
    # via
    #   jsonschema
    #   referencing
s3transfer==0.19.2
    # via boto3
safetensors==0.8.0
    # via
    #   accelerate
    #   peft
    #   transformers
scipy==1.17.1
    # via -r requirements-local.txt
seaborn==0.13.2
    # via -r requirements-local.txt
semantic-version==2.10.0
    # via comet-ml
send2trash==2.1.0
    # via jupyter-server
sentry-sdk==2.68.1
    # via
    #   comet-ml
    #   opik
setuptools==84.0.0
    # via
    #   tensorboard
    #   tensorflow
    #   torch
simplejson==4.1.2
    # via comet-ml
six==1.17.0
    # via
    #   astunparse
    #   google-pasta
    #   pretty-midi
    #   python-dateutil
    #   rfc3339-validator
    #   tensorflow
sniffio==1.3.1
    # via openai
soundfile==0.14.0
    # via -r requirements-local.txt
soupsieve==2.9.2
    # via beautifulsoup4
stack-data==0.6.3
    # via ipython
sympy==1.14.0
    # via torch
tenacity==9.1.4
    # via opik
tensorboard==2.20.0
    # via tensorflow
tensorboard-data-server==0.7.2
    # via tensorboard
tensorflow==2.20.0
    # via -r requirements-local.txt
termcolor==3.3.0
    # via tensorflow
terminado==0.18.1
    # via
    #   jupyter-server
    #   jupyter-server-terminals
tiktoken==0.14.0
    # via litellm
tinycss2==1.5.1
    # via bleach
tokenizers==0.22.2
    # via
    #   litellm
    #   transformers
torch==2.14.0
    # via
    #   -r requirements-local.txt
    #   accelerate
    #   lion-pytorch
    #   peft
    #   torchvision
torchsummary==1.5.1
    # via -r requirements-local.txt
torchvision==0.29.0
    # via -r requirements-local.txt
tornado==6.5.8
    # via
    #   ipykernel
    #   jupyter-client
    #   jupyter-server
    #   jupyterlab
    #   terminado
tqdm==4.70.0
    # via
    #   -r requirements-local.txt
    #   datasets
    #   huggingface-hub
    #   openai
    #   opik
    #   peft
    #   transformers
traitlets==5.16.1
    # via
    #   ipykernel
    #   ipython
    #   ipywidgets
    #   jupyter-builder
    #   jupyter-client
    #   jupyter-core
    #   jupyter-events
    #   jupyter-server
    #   jupyterlab
    #   matplotlib-inline
    #   nbclient
    #   nbconvert
    #   nbformat
transformers==4.57.6
    # via
    #   -r requirements-local.txt
    #   peft
tree-sitter==0.26.0
    # via opik
tree-sitter-javascript==0.25.0
    # via opik
tree-sitter-typescript==0.23.2
    # via opik
types-s3transfer==0.16.0
    # via boto3-stubs
typing-extensions==4.16.0
    # via
    #   aiohttp
    #   aiosignal
    #   anyio
    #   beautifulsoup4
    #   boto3-stubs
    #   dulwich
    #   grpcio
    #   huggingface-hub
    #   ipython
    #   jupyter-client
    #   jupyterlab
    #   mypy-boto3-bedrock-runtime
    #   openai
    #   optree
    #   pydantic
    #   pydantic-core
    #   referencing
    #   soundfile
    #   tensorflow
    #   torch
    #   typing-inspection
typing-inspection==0.4.4
    # via
    #   pydantic
    #   pydantic-settings
tzdata==2026.3
    # via
    #   arrow
    #   pandas
uri-template==1.3.0
    # via jsonschema
urllib3==2.7.0
    # via
    #   botocore
    #   comet-ml
    #   dulwich
    #   requests
    #   sentry-sdk
uuid6==2025.0.1
    # via opik
watchfiles==1.2.0
    # via opik
wcwidth==0.8.3
    # via prompt-toolkit
webcolors==25.10.0
    # via
    #   jsonschema
    #   music21
webencodings==0.6.1
    # via
    #   bleach
    #   tinycss2
websocket-client==1.9.2
    # via jupyter-server
werkzeug==3.1.8
    # via tensorboard
wheel==0.48.0
    # via astunparse
widgetsnbextension==4.0.16
    # via ipywidgets
wrapt==2.4.0
    # via
    #   comet-ml
    #   tensorflow
wurlitzer==3.1.1
    # via comet-ml
xxhash==4.0.1
    # via datasets
yarl==1.24.5
    # via aiohttp
zipp==4.1.0
    # via importlib-metadata
